
Microsoft Visual Studio Solution File, Format Version 12.00
# Visual Studio for Mac
Project("{FAE04EC0-301F-11D3-BF4B-00C04F79EFBC}") = "SpaceShooter 7", "Assembly-CSharp.csproj", "{683CC018-EB3B-6F8B-9270-29E9CF35CFFD}"
EndProject
Project("{FAE04EC0-301F-11D3-BF4B-00C04F79EFBC}") = "SpaceShooter 7", "EnemyAD.csproj", "{E9501375-1B10-54BE-B690-4794A2FD41B2}"
EndProject
Project("{FAE04EC0-301F-11D3-BF4B-00C04F79EFBC}") = "SpaceShooter 7", "PlayerAD.csproj", "{54C1E29C-8BE9-A685-5E2F-8B1D59A73CDC}"
EndProject
Project("{FAE04EC0-301F-11D3-BF4B-00C04F79EFBC}") = "SpaceShooter 7", "Assembly-CSharp-firstpass.csproj", "{A26A930B-37A5-DCBE-7B9F-DA5C3B33AA0C}"
EndProject
Project("{FAE04EC0-301F-11D3-BF4B-00C04F79EFBC}") = "SpaceShooter 7", "StageAD.csproj", "{0E5781E5-CCCF-B72E-FAF8-F2C2938FA769}"
EndProject
Project("{FAE04EC0-301F-11D3-BF4B-00C04F79EFBC}") = "SpaceShooter 7", "CommonAD.csproj", "{7B8F875B-D922-F58D-1050-D5FB7F490EC1}"
EndProject
Project("{FAE04EC0-301F-11D3-BF4B-00C04F79EFBC}") = "SpaceShooter 7", "Assembly-CSharp-Editor.csproj", "{F6F38ABE-5CAA-27A8-0448-962004A47678}"
EndProject
Global
	GlobalSection(SolutionConfigurationPlatforms) = preSolution
		Debug|Any CPU = Debug|Any CPU
		Release|Any CPU = Release|Any CPU
	EndGlobalSection
	GlobalSection(ProjectConfigurationPlatforms) = postSolution
		{683CC018-EB3B-6F8B-9270-29E9CF35CFFD}.Debug|Any CPU.ActiveCfg = Debug|Any CPU
		{683CC018-EB3B-6F8B-9270-29E9CF35CFFD}.Debug|Any CPU.Build.0 = Debug|Any CPU
		{683CC018-EB3B-6F8B-9270-29E9CF35CFFD}.Release|Any CPU.ActiveCfg = Release|Any CPU
		{683CC018-EB3B-6F8B-9270-29E9CF35CFFD}.Release|Any CPU.Build.0 = Release|Any CPU
		{E9501375-1B10-54BE-B690-4794A2FD41B2}.Debug|Any CPU.ActiveCfg = Debug|Any CPU
		{E9501375-1B10-54BE-B690-4794A2FD41B2}.Debug|Any CPU.Build.0 = Debug|Any CPU
		{E9501375-1B10-54BE-B690-4794A2FD41B2}.Release|Any CPU.ActiveCfg = Release|Any CPU
		{E9501375-1B10-54BE-B690-4794A2FD41B2}.Release|Any CPU.Build.0 = Release|Any CPU
		{54C1E29C-8BE9-A685-5E2F-8B1D59A73CDC}.Debug|Any CPU.ActiveCfg = Debug|Any CPU
		{54C1E29C-8BE9-A685-5E2F-8B1D59A73CDC}.Debug|Any CPU.Build.0 = Debug|Any CPU
		{54C1E29C-8BE9-A685-5E2F-8B1D59A73CDC}.Release|Any CPU.ActiveCfg = Release|Any CPU
		{54C1E29C-8BE9-A685-5E2F-8B1D59A73CDC}.Release|Any CPU.Build.0 = Release|Any CPU
		{A26A930B-37A5-DCBE-7B9F-DA5C3B33AA0C}.Debug|Any CPU.ActiveCfg = Debug|Any CPU
		{A26A930B-37A5-DCBE-7B9F-DA5C3B33AA0C}.Debug|Any CPU.Build.0 = Debug|Any CPU
		{A26A930B-37A5-DCBE-7B9F-DA5C3B33AA0C}.Release|Any CPU.ActiveCfg = Release|Any CPU
		{A26A930B-37A5-DCBE-7B9F-DA5C3B33AA0C}.Release|Any CPU.Build.0 = Release|Any CPU
		{0E5781E5-CCCF-B72E-FAF8-F2C2938FA769}.Debug|Any CPU.ActiveCfg = Debug|Any CPU
		{0E5781E5-CCCF-B72E-FAF8-F2C2938FA769}.Debug|Any CPU.Build.0 = Debug|Any CPU
		{0E5781E5-CCCF-B72E-FAF8-F2C2938FA769}.Release|Any CPU.ActiveCfg = Release|Any CPU
		{0E5781E5-CCCF-B72E-FAF8-F2C2938FA769}.Release|Any CPU.Build.0 = Release|Any CPU
		{7B8F875B-D922-F58D-1050-D5FB7F490EC1}.Debug|Any CPU.ActiveCfg = Debug|Any CPU
		{7B8F875B-D922-F58D-1050-D5FB7F490EC1}.Debug|Any CPU.Build.0 = Debug|Any CPU
		{7B8F875B-D922-F58D-1050-D5FB7F490EC1}.Release|Any CPU.ActiveCfg = Release|Any CPU
		{7B8F875B-D922-F58D-1050-D5FB7F490EC1}.Release|Any CPU.Build.0 = Release|Any CPU
		{F6F38ABE-5CAA-27A8-0448-962004A47678}.Debug|Any CPU.ActiveCfg = Debug|Any CPU
		{F6F38ABE-5CAA-27A8-0448-962004A47678}.Debug|Any CPU.Build.0 = Debug|Any CPU
		{F6F38ABE-5CAA-27A8-0448-962004A47678}.Release|Any CPU.ActiveCfg = Release|Any CPU
		{F6F38ABE-5CAA-27A8-0448-962004A47678}.Release|Any CPU.Build.0 = Release|Any CPU
	EndGlobalSection
	GlobalSection(SolutionProperties) = preSolution
		HideSolutionNode = FALSE
	EndGlobalSection
EndGlobal
