
Microsoft Visual Studio Solution File, Format Version 12.00
# Visual Studio for Mac
Project("{FAE04EC0-301F-11D3-BF4B-00C04F79EFBC}") = "SpaceShooter 15", "Assembly-CSharp.csproj", "{1CBFACA4-2B8A-A140-6856-A4E6C42E5794}"
EndProject
Project("{FAE04EC0-301F-11D3-BF4B-00C04F79EFBC}") = "SpaceShooter 15", "CommonAD.csproj", "{6E10711D-4E09-0AD6-CAEA-8E17775E33D6}"
EndProject
Project("{FAE04EC0-301F-11D3-BF4B-00C04F79EFBC}") = "SpaceShooter 15", "EnemyAD.csproj", "{F73445F8-0F4B-1E33-3BE2-A5EADC96DD60}"
EndProject
Project("{FAE04EC0-301F-11D3-BF4B-00C04F79EFBC}") = "SpaceShooter 15", "PlayerAD.csproj", "{7ED82C31-1C3C-63A2-35DB-B44A6735A538}"
EndProject
Project("{FAE04EC0-301F-11D3-BF4B-00C04F79EFBC}") = "SpaceShooter 15", "MainAD.csproj", "{28269EBC-EA9B-49E7-D5B0-B9488F6B8F3F}"
EndProject
Project("{FAE04EC0-301F-11D3-BF4B-00C04F79EFBC}") = "SpaceShooter 15", "Assembly-CSharp-firstpass.csproj", "{512D840B-8CD2-71F8-4207-3D48D132BE61}"
EndProject
Project("{FAE04EC0-301F-11D3-BF4B-00C04F79EFBC}") = "SpaceShooter 15", "StageAD.csproj", "{83C3430B-3C14-8FB0-3AA7-05E5C3D5BBBD}"
EndProject
Project("{FAE04EC0-301F-11D3-BF4B-00C04F79EFBC}") = "SpaceShooter 15", "Assembly-CSharp-Editor.csproj", "{F69EF838-F8AA-127E-AFD1-034DB5506CA3}"
EndProject
Global
	GlobalSection(SolutionConfigurationPlatforms) = preSolution
		Debug|Any CPU = Debug|Any CPU
		Release|Any CPU = Release|Any CPU
	EndGlobalSection
	GlobalSection(ProjectConfigurationPlatforms) = postSolution
		{1CBFACA4-2B8A-A140-6856-A4E6C42E5794}.Debug|Any CPU.ActiveCfg = Debug|Any CPU
		{1CBFACA4-2B8A-A140-6856-A4E6C42E5794}.Debug|Any CPU.Build.0 = Debug|Any CPU
		{1CBFACA4-2B8A-A140-6856-A4E6C42E5794}.Release|Any CPU.ActiveCfg = Release|Any CPU
		{1CBFACA4-2B8A-A140-6856-A4E6C42E5794}.Release|Any CPU.Build.0 = Release|Any CPU
		{6E10711D-4E09-0AD6-CAEA-8E17775E33D6}.Debug|Any CPU.ActiveCfg = Debug|Any CPU
		{6E10711D-4E09-0AD6-CAEA-8E17775E33D6}.Debug|Any CPU.Build.0 = Debug|Any CPU
		{6E10711D-4E09-0AD6-CAEA-8E17775E33D6}.Release|Any CPU.ActiveCfg = Release|Any CPU
		{6E10711D-4E09-0AD6-CAEA-8E17775E33D6}.Release|Any CPU.Build.0 = Release|Any CPU
		{F73445F8-0F4B-1E33-3BE2-A5EADC96DD60}.Debug|Any CPU.ActiveCfg = Debug|Any CPU
		{F73445F8-0F4B-1E33-3BE2-A5EADC96DD60}.Debug|Any CPU.Build.0 = Debug|Any CPU
		{F73445F8-0F4B-1E33-3BE2-A5EADC96DD60}.Release|Any CPU.ActiveCfg = Release|Any CPU
		{F73445F8-0F4B-1E33-3BE2-A5EADC96DD60}.Release|Any CPU.Build.0 = Release|Any CPU
		{7ED82C31-1C3C-63A2-35DB-B44A6735A538}.Debug|Any CPU.ActiveCfg = Debug|Any CPU
		{7ED82C31-1C3C-63A2-35DB-B44A6735A538}.Debug|Any CPU.Build.0 = Debug|Any CPU
		{7ED82C31-1C3C-63A2-35DB-B44A6735A538}.Release|Any CPU.ActiveCfg = Release|Any CPU
		{7ED82C31-1C3C-63A2-35DB-B44A6735A538}.Release|Any CPU.Build.0 = Release|Any CPU
		{28269EBC-EA9B-49E7-D5B0-B9488F6B8F3F}.Debug|Any CPU.ActiveCfg = Debug|Any CPU
		{28269EBC-EA9B-49E7-D5B0-B9488F6B8F3F}.Debug|Any CPU.Build.0 = Debug|Any CPU
		{28269EBC-EA9B-49E7-D5B0-B9488F6B8F3F}.Release|Any CPU.ActiveCfg = Release|Any CPU
		{28269EBC-EA9B-49E7-D5B0-B9488F6B8F3F}.Release|Any CPU.Build.0 = Release|Any CPU
		{512D840B-8CD2-71F8-4207-3D48D132BE61}.Debug|Any CPU.ActiveCfg = Debug|Any CPU
		{512D840B-8CD2-71F8-4207-3D48D132BE61}.Debug|Any CPU.Build.0 = Debug|Any CPU
		{512D840B-8CD2-71F8-4207-3D48D132BE61}.Release|Any CPU.ActiveCfg = Release|Any CPU
		{512D840B-8CD2-71F8-4207-3D48D132BE61}.Release|Any CPU.Build.0 = Release|Any CPU
		{83C3430B-3C14-8FB0-3AA7-05E5C3D5BBBD}.Debug|Any CPU.ActiveCfg = Debug|Any CPU
		{83C3430B-3C14-8FB0-3AA7-05E5C3D5BBBD}.Debug|Any CPU.Build.0 = Debug|Any CPU
		{83C3430B-3C14-8FB0-3AA7-05E5C3D5BBBD}.Release|Any CPU.ActiveCfg = Release|Any CPU
		{83C3430B-3C14-8FB0-3AA7-05E5C3D5BBBD}.Release|Any CPU.Build.0 = Release|Any CPU
		{F69EF838-F8AA-127E-AFD1-034DB5506CA3}.Debug|Any CPU.ActiveCfg = Debug|Any CPU
		{F69EF838-F8AA-127E-AFD1-034DB5506CA3}.Debug|Any CPU.Build.0 = Debug|Any CPU
		{F69EF838-F8AA-127E-AFD1-034DB5506CA3}.Release|Any CPU.ActiveCfg = Release|Any CPU
		{F69EF838-F8AA-127E-AFD1-034DB5506CA3}.Release|Any CPU.Build.0 = Release|Any CPU
	EndGlobalSection
	GlobalSection(SolutionProperties) = preSolution
		HideSolutionNode = FALSE
	EndGlobalSection
EndGlobal
