
Microsoft Visual Studio Solution File, Format Version 12.00
# Visual Studio for Mac
Project("{FAE04EC0-301F-11D3-BF4B-00C04F79EFBC}") = "SpaceShooter 14", "Assembly-CSharp.csproj", "{9AAD3A43-CEE4-25B1-5571-5418A9503387}"
EndProject
Project("{FAE04EC0-301F-11D3-BF4B-00C04F79EFBC}") = "SpaceShooter 14", "CommonAD.csproj", "{859E3A2D-F672-764D-778A-B67985B51AF1}"
EndProject
Project("{FAE04EC0-301F-11D3-BF4B-00C04F79EFBC}") = "SpaceShooter 14", "EnemyAD.csproj", "{C580678F-3AF9-A536-C774-7E9A333DB0DC}"
EndProject
Project("{FAE04EC0-301F-11D3-BF4B-00C04F79EFBC}") = "SpaceShooter 14", "PlayerAD.csproj", "{3EB3980D-722C-D2EB-BE05-5945C9C11F77}"
EndProject
Project("{FAE04EC0-301F-11D3-BF4B-00C04F79EFBC}") = "SpaceShooter 14", "MainAD.csproj", "{8C59D7E2-D81C-ED42-6917-74FA5A385FAB}"
EndProject
Project("{FAE04EC0-301F-11D3-BF4B-00C04F79EFBC}") = "SpaceShooter 14", "Assembly-CSharp-firstpass.csproj", "{A7F0AB39-EDDF-ECBE-A136-63B6CE6AB8D1}"
EndProject
Project("{FAE04EC0-301F-11D3-BF4B-00C04F79EFBC}") = "SpaceShooter 14", "StageAD.csproj", "{C71E5353-D287-8A4C-C88E-36060E3E2F20}"
EndProject
Project("{FAE04EC0-301F-11D3-BF4B-00C04F79EFBC}") = "SpaceShooter 14", "Assembly-CSharp-Editor.csproj", "{D713ACCD-C96F-479F-9FD1-F9710B0AA538}"
EndProject
Global
	GlobalSection(SolutionConfigurationPlatforms) = preSolution
		Debug|Any CPU = Debug|Any CPU
		Release|Any CPU = Release|Any CPU
	EndGlobalSection
	GlobalSection(ProjectConfigurationPlatforms) = postSolution
		{9AAD3A43-CEE4-25B1-5571-5418A9503387}.Debug|Any CPU.ActiveCfg = Debug|Any CPU
		{9AAD3A43-CEE4-25B1-5571-5418A9503387}.Debug|Any CPU.Build.0 = Debug|Any CPU
		{9AAD3A43-CEE4-25B1-5571-5418A9503387}.Release|Any CPU.ActiveCfg = Release|Any CPU
		{9AAD3A43-CEE4-25B1-5571-5418A9503387}.Release|Any CPU.Build.0 = Release|Any CPU
		{859E3A2D-F672-764D-778A-B67985B51AF1}.Debug|Any CPU.ActiveCfg = Debug|Any CPU
		{859E3A2D-F672-764D-778A-B67985B51AF1}.Debug|Any CPU.Build.0 = Debug|Any CPU
		{859E3A2D-F672-764D-778A-B67985B51AF1}.Release|Any CPU.ActiveCfg = Release|Any CPU
		{859E3A2D-F672-764D-778A-B67985B51AF1}.Release|Any CPU.Build.0 = Release|Any CPU
		{C580678F-3AF9-A536-C774-7E9A333DB0DC}.Debug|Any CPU.ActiveCfg = Debug|Any CPU
		{C580678F-3AF9-A536-C774-7E9A333DB0DC}.Debug|Any CPU.Build.0 = Debug|Any CPU
		{C580678F-3AF9-A536-C774-7E9A333DB0DC}.Release|Any CPU.ActiveCfg = Release|Any CPU
		{C580678F-3AF9-A536-C774-7E9A333DB0DC}.Release|Any CPU.Build.0 = Release|Any CPU
		{3EB3980D-722C-D2EB-BE05-5945C9C11F77}.Debug|Any CPU.ActiveCfg = Debug|Any CPU
		{3EB3980D-722C-D2EB-BE05-5945C9C11F77}.Debug|Any CPU.Build.0 = Debug|Any CPU
		{3EB3980D-722C-D2EB-BE05-5945C9C11F77}.Release|Any CPU.ActiveCfg = Release|Any CPU
		{3EB3980D-722C-D2EB-BE05-5945C9C11F77}.Release|Any CPU.Build.0 = Release|Any CPU
		{8C59D7E2-D81C-ED42-6917-74FA5A385FAB}.Debug|Any CPU.ActiveCfg = Debug|Any CPU
		{8C59D7E2-D81C-ED42-6917-74FA5A385FAB}.Debug|Any CPU.Build.0 = Debug|Any CPU
		{8C59D7E2-D81C-ED42-6917-74FA5A385FAB}.Release|Any CPU.ActiveCfg = Release|Any CPU
		{8C59D7E2-D81C-ED42-6917-74FA5A385FAB}.Release|Any CPU.Build.0 = Release|Any CPU
		{A7F0AB39-EDDF-ECBE-A136-63B6CE6AB8D1}.Debug|Any CPU.ActiveCfg = Debug|Any CPU
		{A7F0AB39-EDDF-ECBE-A136-63B6CE6AB8D1}.Debug|Any CPU.Build.0 = Debug|Any CPU
		{A7F0AB39-EDDF-ECBE-A136-63B6CE6AB8D1}.Release|Any CPU.ActiveCfg = Release|Any CPU
		{A7F0AB39-EDDF-ECBE-A136-63B6CE6AB8D1}.Release|Any CPU.Build.0 = Release|Any CPU
		{C71E5353-D287-8A4C-C88E-36060E3E2F20}.Debug|Any CPU.ActiveCfg = Debug|Any CPU
		{C71E5353-D287-8A4C-C88E-36060E3E2F20}.Debug|Any CPU.Build.0 = Debug|Any CPU
		{C71E5353-D287-8A4C-C88E-36060E3E2F20}.Release|Any CPU.ActiveCfg = Release|Any CPU
		{C71E5353-D287-8A4C-C88E-36060E3E2F20}.Release|Any CPU.Build.0 = Release|Any CPU
		{D713ACCD-C96F-479F-9FD1-F9710B0AA538}.Debug|Any CPU.ActiveCfg = Debug|Any CPU
		{D713ACCD-C96F-479F-9FD1-F9710B0AA538}.Debug|Any CPU.Build.0 = Debug|Any CPU
		{D713ACCD-C96F-479F-9FD1-F9710B0AA538}.Release|Any CPU.ActiveCfg = Release|Any CPU
		{D713ACCD-C96F-479F-9FD1-F9710B0AA538}.Release|Any CPU.Build.0 = Release|Any CPU
	EndGlobalSection
	GlobalSection(SolutionProperties) = preSolution
		HideSolutionNode = FALSE
	EndGlobalSection
EndGlobal
