
Microsoft Visual Studio Solution File, Format Version 12.00
# Visual Studio for Mac
Project("{FAE04EC0-301F-11D3-BF4B-00C04F79EFBC}") = "SpaceShooter 12", "Assembly-CSharp.csproj", "{2BC082E9-6ACC-0566-5B07-27E41DCA9A09}"
EndProject
Project("{FAE04EC0-301F-11D3-BF4B-00C04F79EFBC}") = "SpaceShooter 12", "CommonAD.csproj", "{8A2B0AD4-E234-605D-4A7B-7F376F4E64ED}"
EndProject
Project("{FAE04EC0-301F-11D3-BF4B-00C04F79EFBC}") = "SpaceShooter 12", "EnemyAD.csproj", "{39D4E765-FB9F-8440-D364-EB71D0D687F0}"
EndProject
Project("{FAE04EC0-301F-11D3-BF4B-00C04F79EFBC}") = "SpaceShooter 12", "PlayerAD.csproj", "{F66328CB-63DB-A734-60E8-424A330A6F1F}"
EndProject
Project("{FAE04EC0-301F-11D3-BF4B-00C04F79EFBC}") = "SpaceShooter 12", "MainAD.csproj", "{98406FCB-11EF-C798-1C13-3F220264E1AC}"
EndProject
Project("{FAE04EC0-301F-11D3-BF4B-00C04F79EFBC}") = "SpaceShooter 12", "Assembly-CSharp-firstpass.csproj", "{1C536C02-3950-BE4F-561F-4CB7F1BC3B7B}"
EndProject
Project("{FAE04EC0-301F-11D3-BF4B-00C04F79EFBC}") = "SpaceShooter 12", "StageAD.csproj", "{98C6CC71-60B4-A3FE-010F-ED7EFEBD12A4}"
EndProject
Project("{FAE04EC0-301F-11D3-BF4B-00C04F79EFBC}") = "SpaceShooter 12", "Assembly-CSharp-Editor.csproj", "{D3C98A97-23E5-FD34-FFBD-99872C5135F2}"
EndProject
Global
	GlobalSection(SolutionConfigurationPlatforms) = preSolution
		Debug|Any CPU = Debug|Any CPU
		Release|Any CPU = Release|Any CPU
	EndGlobalSection
	GlobalSection(ProjectConfigurationPlatforms) = postSolution
		{2BC082E9-6ACC-0566-5B07-27E41DCA9A09}.Debug|Any CPU.ActiveCfg = Debug|Any CPU
		{2BC082E9-6ACC-0566-5B07-27E41DCA9A09}.Debug|Any CPU.Build.0 = Debug|Any CPU
		{2BC082E9-6ACC-0566-5B07-27E41DCA9A09}.Release|Any CPU.ActiveCfg = Release|Any CPU
		{2BC082E9-6ACC-0566-5B07-27E41DCA9A09}.Release|Any CPU.Build.0 = Release|Any CPU
		{8A2B0AD4-E234-605D-4A7B-7F376F4E64ED}.Debug|Any CPU.ActiveCfg = Debug|Any CPU
		{8A2B0AD4-E234-605D-4A7B-7F376F4E64ED}.Debug|Any CPU.Build.0 = Debug|Any CPU
		{8A2B0AD4-E234-605D-4A7B-7F376F4E64ED}.Release|Any CPU.ActiveCfg = Release|Any CPU
		{8A2B0AD4-E234-605D-4A7B-7F376F4E64ED}.Release|Any CPU.Build.0 = Release|Any CPU
		{39D4E765-FB9F-8440-D364-EB71D0D687F0}.Debug|Any CPU.ActiveCfg = Debug|Any CPU
		{39D4E765-FB9F-8440-D364-EB71D0D687F0}.Debug|Any CPU.Build.0 = Debug|Any CPU
		{39D4E765-FB9F-8440-D364-EB71D0D687F0}.Release|Any CPU.ActiveCfg = Release|Any CPU
		{39D4E765-FB9F-8440-D364-EB71D0D687F0}.Release|Any CPU.Build.0 = Release|Any CPU
		{F66328CB-63DB-A734-60E8-424A330A6F1F}.Debug|Any CPU.ActiveCfg = Debug|Any CPU
		{F66328CB-63DB-A734-60E8-424A330A6F1F}.Debug|Any CPU.Build.0 = Debug|Any CPU
		{F66328CB-63DB-A734-60E8-424A330A6F1F}.Release|Any CPU.ActiveCfg = Release|Any CPU
		{F66328CB-63DB-A734-60E8-424A330A6F1F}.Release|Any CPU.Build.0 = Release|Any CPU
		{98406FCB-11EF-C798-1C13-3F220264E1AC}.Debug|Any CPU.ActiveCfg = Debug|Any CPU
		{98406FCB-11EF-C798-1C13-3F220264E1AC}.Debug|Any CPU.Build.0 = Debug|Any CPU
		{98406FCB-11EF-C798-1C13-3F220264E1AC}.Release|Any CPU.ActiveCfg = Release|Any CPU
		{98406FCB-11EF-C798-1C13-3F220264E1AC}.Release|Any CPU.Build.0 = Release|Any CPU
		{1C536C02-3950-BE4F-561F-4CB7F1BC3B7B}.Debug|Any CPU.ActiveCfg = Debug|Any CPU
		{1C536C02-3950-BE4F-561F-4CB7F1BC3B7B}.Debug|Any CPU.Build.0 = Debug|Any CPU
		{1C536C02-3950-BE4F-561F-4CB7F1BC3B7B}.Release|Any CPU.ActiveCfg = Release|Any CPU
		{1C536C02-3950-BE4F-561F-4CB7F1BC3B7B}.Release|Any CPU.Build.0 = Release|Any CPU
		{98C6CC71-60B4-A3FE-010F-ED7EFEBD12A4}.Debug|Any CPU.ActiveCfg = Debug|Any CPU
		{98C6CC71-60B4-A3FE-010F-ED7EFEBD12A4}.Debug|Any CPU.Build.0 = Debug|Any CPU
		{98C6CC71-60B4-A3FE-010F-ED7EFEBD12A4}.Release|Any CPU.ActiveCfg = Release|Any CPU
		{98C6CC71-60B4-A3FE-010F-ED7EFEBD12A4}.Release|Any CPU.Build.0 = Release|Any CPU
		{D3C98A97-23E5-FD34-FFBD-99872C5135F2}.Debug|Any CPU.ActiveCfg = Debug|Any CPU
		{D3C98A97-23E5-FD34-FFBD-99872C5135F2}.Debug|Any CPU.Build.0 = Debug|Any CPU
		{D3C98A97-23E5-FD34-FFBD-99872C5135F2}.Release|Any CPU.ActiveCfg = Release|Any CPU
		{D3C98A97-23E5-FD34-FFBD-99872C5135F2}.Release|Any CPU.Build.0 = Release|Any CPU
	EndGlobalSection
	GlobalSection(SolutionProperties) = preSolution
		HideSolutionNode = FALSE
	EndGlobalSection
EndGlobal
