
Microsoft Visual Studio Solution File, Format Version 12.00
# Visual Studio for Mac
Project("{FAE04EC0-301F-11D3-BF4B-00C04F79EFBC}") = "SpaceShooter 13", "Assembly-CSharp.csproj", "{1E20513E-A81B-FEC5-11AE-E747485C2525}"
EndProject
Project("{FAE04EC0-301F-11D3-BF4B-00C04F79EFBC}") = "SpaceShooter 13", "CommonAD.csproj", "{4F4C7C98-D01C-E4A2-5E9E-25C4A7569E02}"
EndProject
Project("{FAE04EC0-301F-11D3-BF4B-00C04F79EFBC}") = "SpaceShooter 13", "EnemyAD.csproj", "{31FF2D9D-969A-BB4C-1319-3CEE22B9EC64}"
EndProject
Project("{FAE04EC0-301F-11D3-BF4B-00C04F79EFBC}") = "SpaceShooter 13", "PlayerAD.csproj", "{4439E516-5050-6365-C38A-ECA8D3125E13}"
EndProject
Project("{FAE04EC0-301F-11D3-BF4B-00C04F79EFBC}") = "SpaceShooter 13", "MainAD.csproj", "{6EFF745C-099F-0EB5-8C9B-1635DB51D41D}"
EndProject
Project("{FAE04EC0-301F-11D3-BF4B-00C04F79EFBC}") = "SpaceShooter 13", "Assembly-CSharp-firstpass.csproj", "{7778D884-FF7A-6CF4-2AC8-776CEDA55C41}"
EndProject
Project("{FAE04EC0-301F-11D3-BF4B-00C04F79EFBC}") = "SpaceShooter 13", "StageAD.csproj", "{A5E72AC2-2FE8-1515-0C8E-F5D51CFC9EE1}"
EndProject
Project("{FAE04EC0-301F-11D3-BF4B-00C04F79EFBC}") = "SpaceShooter 13", "Assembly-CSharp-Editor.csproj", "{FCAC536C-EE81-AB00-40C1-DB035749ABF8}"
EndProject
Global
	GlobalSection(SolutionConfigurationPlatforms) = preSolution
		Debug|Any CPU = Debug|Any CPU
		Release|Any CPU = Release|Any CPU
	EndGlobalSection
	GlobalSection(ProjectConfigurationPlatforms) = postSolution
		{1E20513E-A81B-FEC5-11AE-E747485C2525}.Debug|Any CPU.ActiveCfg = Debug|Any CPU
		{1E20513E-A81B-FEC5-11AE-E747485C2525}.Debug|Any CPU.Build.0 = Debug|Any CPU
		{1E20513E-A81B-FEC5-11AE-E747485C2525}.Release|Any CPU.ActiveCfg = Release|Any CPU
		{1E20513E-A81B-FEC5-11AE-E747485C2525}.Release|Any CPU.Build.0 = Release|Any CPU
		{4F4C7C98-D01C-E4A2-5E9E-25C4A7569E02}.Debug|Any CPU.ActiveCfg = Debug|Any CPU
		{4F4C7C98-D01C-E4A2-5E9E-25C4A7569E02}.Debug|Any CPU.Build.0 = Debug|Any CPU
		{4F4C7C98-D01C-E4A2-5E9E-25C4A7569E02}.Release|Any CPU.ActiveCfg = Release|Any CPU
		{4F4C7C98-D01C-E4A2-5E9E-25C4A7569E02}.Release|Any CPU.Build.0 = Release|Any CPU
		{31FF2D9D-969A-BB4C-1319-3CEE22B9EC64}.Debug|Any CPU.ActiveCfg = Debug|Any CPU
		{31FF2D9D-969A-BB4C-1319-3CEE22B9EC64}.Debug|Any CPU.Build.0 = Debug|Any CPU
		{31FF2D9D-969A-BB4C-1319-3CEE22B9EC64}.Release|Any CPU.ActiveCfg = Release|Any CPU
		{31FF2D9D-969A-BB4C-1319-3CEE22B9EC64}.Release|Any CPU.Build.0 = Release|Any CPU
		{4439E516-5050-6365-C38A-ECA8D3125E13}.Debug|Any CPU.ActiveCfg = Debug|Any CPU
		{4439E516-5050-6365-C38A-ECA8D3125E13}.Debug|Any CPU.Build.0 = Debug|Any CPU
		{4439E516-5050-6365-C38A-ECA8D3125E13}.Release|Any CPU.ActiveCfg = Release|Any CPU
		{4439E516-5050-6365-C38A-ECA8D3125E13}.Release|Any CPU.Build.0 = Release|Any CPU
		{6EFF745C-099F-0EB5-8C9B-1635DB51D41D}.Debug|Any CPU.ActiveCfg = Debug|Any CPU
		{6EFF745C-099F-0EB5-8C9B-1635DB51D41D}.Debug|Any CPU.Build.0 = Debug|Any CPU
		{6EFF745C-099F-0EB5-8C9B-1635DB51D41D}.Release|Any CPU.ActiveCfg = Release|Any CPU
		{6EFF745C-099F-0EB5-8C9B-1635DB51D41D}.Release|Any CPU.Build.0 = Release|Any CPU
		{7778D884-FF7A-6CF4-2AC8-776CEDA55C41}.Debug|Any CPU.ActiveCfg = Debug|Any CPU
		{7778D884-FF7A-6CF4-2AC8-776CEDA55C41}.Debug|Any CPU.Build.0 = Debug|Any CPU
		{7778D884-FF7A-6CF4-2AC8-776CEDA55C41}.Release|Any CPU.ActiveCfg = Release|Any CPU
		{7778D884-FF7A-6CF4-2AC8-776CEDA55C41}.Release|Any CPU.Build.0 = Release|Any CPU
		{A5E72AC2-2FE8-1515-0C8E-F5D51CFC9EE1}.Debug|Any CPU.ActiveCfg = Debug|Any CPU
		{A5E72AC2-2FE8-1515-0C8E-F5D51CFC9EE1}.Debug|Any CPU.Build.0 = Debug|Any CPU
		{A5E72AC2-2FE8-1515-0C8E-F5D51CFC9EE1}.Release|Any CPU.ActiveCfg = Release|Any CPU
		{A5E72AC2-2FE8-1515-0C8E-F5D51CFC9EE1}.Release|Any CPU.Build.0 = Release|Any CPU
		{FCAC536C-EE81-AB00-40C1-DB035749ABF8}.Debug|Any CPU.ActiveCfg = Debug|Any CPU
		{FCAC536C-EE81-AB00-40C1-DB035749ABF8}.Debug|Any CPU.Build.0 = Debug|Any CPU
		{FCAC536C-EE81-AB00-40C1-DB035749ABF8}.Release|Any CPU.ActiveCfg = Release|Any CPU
		{FCAC536C-EE81-AB00-40C1-DB035749ABF8}.Release|Any CPU.Build.0 = Release|Any CPU
	EndGlobalSection
	GlobalSection(SolutionProperties) = preSolution
		HideSolutionNode = FALSE
	EndGlobalSection
EndGlobal
